
Microsoft Visual Studio Solution File, Format Version 12.00
# Visual Studio Version 17
VisualStudioVersion = 17.5.002.0
MinimumVisualStudioVersion = 10.0.40219.1
Project("{9A19103F-16F7-4668-BE54-9A1E7A4F7556}") = "Northwind.Common.EntityModels.Sqlite", "Northwind.Common.EntityModels.Sqlite\Northwind.Common.EntityModels.Sqlite.csproj", "{72E3493B-A0EF-4927-9448-FAF6E65A698C}"
EndProject
Global
	GlobalSection(SolutionConfigurationPlatforms) = preSolution
		Debug|Any CPU = Debug|Any CPU
		Release|Any CPU = Release|Any CPU
	EndGlobalSection
	GlobalSection(ProjectConfigurationPlatforms) = postSolution
		{72E3493B-A0EF-4927-9448-FAF6E65A698C}.Debug|Any CPU.ActiveCfg = Debug|Any CPU
		{72E3493B-A0EF-4927-9448-FAF6E65A698C}.Debug|Any CPU.Build.0 = Debug|Any CPU
		{72E3493B-A0EF-4927-9448-FAF6E65A698C}.Release|Any CPU.ActiveCfg = Release|Any CPU
		{72E3493B-A0EF-4927-9448-FAF6E65A698C}.Release|Any CPU.Build.0 = Release|Any CPU
	EndGlobalSection
	GlobalSection(SolutionProperties) = preSolution
		HideSolutionNode = FALSE
	EndGlobalSection
	GlobalSection(ExtensibilityGlobals) = postSolution
		SolutionGuid = {E7CECFF0-7F33-4D4C-8B70-363676C7EE92}
	EndGlobalSection
EndGlobal
